
Microsoft Visual Studio Solution File, Format Version 12.00
# Visual Studio Version 17
VisualStudioVersion = 17.3.32825.248
MinimumVisualStudioVersion = 10.0.40219.1
Project("{FAE04EC0-301F-11D3-BF4B-00C04F79EFBC}") = "Zadania 5", "Zadania 5\Zadania 5.csproj", "{FA5AA737-E7E8-4973-A858-64C81B1395C0}"
EndProject
Global
	GlobalSection(SolutionConfigurationPlatforms) = preSolution
		Debug|Any CPU = Debug|Any CPU
		Release|Any CPU = Release|Any CPU
	EndGlobalSection
	GlobalSection(ProjectConfigurationPlatforms) = postSolution
		{FA5AA737-E7E8-4973-A858-64C81B1395C0}.Debug|Any CPU.ActiveCfg = Debug|Any CPU
		{FA5AA737-E7E8-4973-A858-64C81B1395C0}.Debug|Any CPU.Build.0 = Debug|Any CPU
		{FA5AA737-E7E8-4973-A858-64C81B1395C0}.Release|Any CPU.ActiveCfg = Release|Any CPU
		{FA5AA737-E7E8-4973-A858-64C81B1395C0}.Release|Any CPU.Build.0 = Release|Any CPU
	EndGlobalSection
	GlobalSection(SolutionProperties) = preSolution
		HideSolutionNode = FALSE
	EndGlobalSection
	GlobalSection(ExtensibilityGlobals) = postSolution
		SolutionGuid = {9ADE3DD5-0817-4207-9DFB-9ADD6CB4A121}
	EndGlobalSection
EndGlobal
