
Microsoft Visual Studio Solution File, Format Version 12.00
# Visual Studio Version 17
VisualStudioVersion = 17.3.32825.248
MinimumVisualStudioVersion = 10.0.40219.1
Project("{FAE04EC0-301F-11D3-BF4B-00C04F79EFBC}") = "Zadania 5 (form)", "Zadania 5 (form)\Zadania 5 (form).csproj", "{0C46BE02-C5F6-45E4-AFD4-05542EE5963F}"
EndProject
Global
	GlobalSection(SolutionConfigurationPlatforms) = preSolution
		Debug|Any CPU = Debug|Any CPU
		Release|Any CPU = Release|Any CPU
	EndGlobalSection
	GlobalSection(ProjectConfigurationPlatforms) = postSolution
		{0C46BE02-C5F6-45E4-AFD4-05542EE5963F}.Debug|Any CPU.ActiveCfg = Debug|Any CPU
		{0C46BE02-C5F6-45E4-AFD4-05542EE5963F}.Debug|Any CPU.Build.0 = Debug|Any CPU
		{0C46BE02-C5F6-45E4-AFD4-05542EE5963F}.Release|Any CPU.ActiveCfg = Release|Any CPU
		{0C46BE02-C5F6-45E4-AFD4-05542EE5963F}.Release|Any CPU.Build.0 = Release|Any CPU
	EndGlobalSection
	GlobalSection(SolutionProperties) = preSolution
		HideSolutionNode = FALSE
	EndGlobalSection
	GlobalSection(ExtensibilityGlobals) = postSolution
		SolutionGuid = {62D53E8D-CD07-4DAB-BC95-BE1D2C1894F8}
	EndGlobalSection
EndGlobal
